
Microsoft Visual Studio Solution File, Format Version 12.00
# Visual Studio Version 16
VisualStudioVersion = 16.0.810.19
MinimumVisualStudioVersion = 10.0.40219.1
Project("{FAE04EC0-301F-11D3-BF4B-00C04F79EFBC}") = "Order.API", "Order.API\Order.API.csproj", "{D517BE59-B012-492D-BE08-20EF9AB421E9}"
EndProject
Project("{FAE04EC0-301F-11D3-BF4B-00C04F79EFBC}") = "Stock.API", "Stock.API\Stock.API.csproj", "{E03D793C-DDEA-4A16-BE8A-E892E68FEAA0}"
EndProject
Project("{FAE04EC0-301F-11D3-BF4B-00C04F79EFBC}") = "Payment.API", "Payment.API\Payment.API.csproj", "{0B9F3294-EBBF-4C71-93C8-064E5429B503}"
EndProject
Project("{FAE04EC0-301F-11D3-BF4B-00C04F79EFBC}") = "Shared", "Shared\Shared.csproj", "{ED39434B-0CE8-4CD2-B245-CE688B214AED}"
EndProject
Global
	GlobalSection(SolutionConfigurationPlatforms) = preSolution
		Debug|Any CPU = Debug|Any CPU
		Release|Any CPU = Release|Any CPU
	EndGlobalSection
	GlobalSection(ProjectConfigurationPlatforms) = postSolution
		{D517BE59-B012-492D-BE08-20EF9AB421E9}.Debug|Any CPU.ActiveCfg = Debug|Any CPU
		{D517BE59-B012-492D-BE08-20EF9AB421E9}.Debug|Any CPU.Build.0 = Debug|Any CPU
		{D517BE59-B012-492D-BE08-20EF9AB421E9}.Release|Any CPU.ActiveCfg = Release|Any CPU
		{D517BE59-B012-492D-BE08-20EF9AB421E9}.Release|Any CPU.Build.0 = Release|Any CPU
		{E03D793C-DDEA-4A16-BE8A-E892E68FEAA0}.Debug|Any CPU.ActiveCfg = Debug|Any CPU
		{E03D793C-DDEA-4A16-BE8A-E892E68FEAA0}.Debug|Any CPU.Build.0 = Debug|Any CPU
		{E03D793C-DDEA-4A16-BE8A-E892E68FEAA0}.Release|Any CPU.ActiveCfg = Release|Any CPU
		{E03D793C-DDEA-4A16-BE8A-E892E68FEAA0}.Release|Any CPU.Build.0 = Release|Any CPU
		{0B9F3294-EBBF-4C71-93C8-064E5429B503}.Debug|Any CPU.ActiveCfg = Debug|Any CPU
		{0B9F3294-EBBF-4C71-93C8-064E5429B503}.Debug|Any CPU.Build.0 = Debug|Any CPU
		{0B9F3294-EBBF-4C71-93C8-064E5429B503}.Release|Any CPU.ActiveCfg = Release|Any CPU
		{0B9F3294-EBBF-4C71-93C8-064E5429B503}.Release|Any CPU.Build.0 = Release|Any CPU
		{ED39434B-0CE8-4CD2-B245-CE688B214AED}.Debug|Any CPU.ActiveCfg = Debug|Any CPU
		{ED39434B-0CE8-4CD2-B245-CE688B214AED}.Debug|Any CPU.Build.0 = Debug|Any CPU
		{ED39434B-0CE8-4CD2-B245-CE688B214AED}.Release|Any CPU.ActiveCfg = Release|Any CPU
		{ED39434B-0CE8-4CD2-B245-CE688B214AED}.Release|Any CPU.Build.0 = Release|Any CPU
	EndGlobalSection
	GlobalSection(SolutionProperties) = preSolution
		HideSolutionNode = FALSE
	EndGlobalSection
	GlobalSection(ExtensibilityGlobals) = postSolution
		SolutionGuid = {980EFB66-ED18-4FDA-A932-DC84AD2D5A1F}
	EndGlobalSection
EndGlobal
